
Microsoft Visual Studio Solution File, Format Version 12.00
# Visual Studio Version 17
VisualStudioVersion = 17.9.34728.123
MinimumVisualStudioVersion = 10.0.40219.1
Project("{FAE04EC0-301F-11D3-BF4B-00C04F79EFBC}") = "WordToDigit", "WordToDigit\WordToDigit.csproj", "{37E364BC-7678-4C20-B2A7-C48452A923EC}"
EndProject
Global
	GlobalSection(SolutionConfigurationPlatforms) = preSolution
		Debug|Any CPU = Debug|Any CPU
		Release|Any CPU = Release|Any CPU
	EndGlobalSection
	GlobalSection(ProjectConfigurationPlatforms) = postSolution
		{37E364BC-7678-4C20-B2A7-C48452A923EC}.Debug|Any CPU.ActiveCfg = Debug|Any CPU
		{37E364BC-7678-4C20-B2A7-C48452A923EC}.Debug|Any CPU.Build.0 = Debug|Any CPU
		{37E364BC-7678-4C20-B2A7-C48452A923EC}.Release|Any CPU.ActiveCfg = Release|Any CPU
		{37E364BC-7678-4C20-B2A7-C48452A923EC}.Release|Any CPU.Build.0 = Release|Any CPU
	EndGlobalSection
	GlobalSection(SolutionProperties) = preSolution
		HideSolutionNode = FALSE
	EndGlobalSection
	GlobalSection(ExtensibilityGlobals) = postSolution
		SolutionGuid = {029B4B0A-91A3-4205-8421-BDAFA91761B8}
	EndGlobalSection
EndGlobal
